# This file is automatically @generated by Cargo.
# It is not intended for manual editing.
[[package]]
name = "aligned"
version = "0.3.1"
source = "registry+https://github.com/rust-lang/crates.io-index"
dependencies = [
 "as-slice 0.1.0 (registry+https://github.com/rust-lang/crates.io-index)",
]

[[package]]
name = "arch"
version = "0.1.0"
dependencies = [
 "volatile-register 0.2.0 (registry+https://github.com/rust-lang/crates.io-index)",
]

[[package]]
name = "as-slice"
version = "0.1.0"
source = "registry+https://github.com/rust-lang/crates.io-index"
dependencies = [
 "generic-array 0.12.0 (registry+https://github.com/rust-lang/crates.io-index)",
 "stable_deref_trait 1.1.1 (registry+https://github.com/rust-lang/crates.io-index)",
]

[[package]]
name = "bare-metal"
version = "0.2.4"
source = "registry+https://github.com/rust-lang/crates.io-index"
dependencies = [
 "rustc_version 0.2.3 (registry+https://github.com/rust-lang/crates.io-index)",
]

[[package]]
name = "cortex-m"
version = "0.6.0"
source = "registry+https://github.com/rust-lang/crates.io-index"
dependencies = [
 "aligned 0.3.1 (registry+https://github.com/rust-lang/crates.io-index)",
 "bare-metal 0.2.4 (registry+https://github.com/rust-lang/crates.io-index)",
 "volatile-register 0.2.0 (registry+https://github.com/rust-lang/crates.io-index)",
]

[[package]]
name = "cortex-m-semihosting"
version = "0.3.3"
source = "registry+https://github.com/rust-lang/crates.io-index"
dependencies = [
 "cortex-m 0.6.0 (registry+https://github.com/rust-lang/crates.io-index)",
]

[[package]]
name = "embedded-hal"
version = "0.2.3"
source = "registry+https://github.com/rust-lang/crates.io-index"
dependencies = [
 "nb 0.1.2 (registry+https://github.com/rust-lang/crates.io-index)",
 "void 1.0.2 (registry+https://github.com/rust-lang/crates.io-index)",
]

[[package]]
name = "generic-array"
version = "0.12.0"
source = "registry+https://github.com/rust-lang/crates.io-index"
dependencies = [
 "typenum 1.10.0 (registry+https://github.com/rust-lang/crates.io-index)",
]

[[package]]
name = "kernel"
version = "0.1.0"
dependencies = [
 "arch 0.1.0",
 "embedded-hal 0.2.3 (registry+https://github.com/rust-lang/crates.io-index)",
 "rt 0.1.0",
 "util 0.1.0",
]

[[package]]
name = "log"
version = "0.1.0"

[[package]]
name = "nb"
version = "0.1.2"
source = "registry+https://github.com/rust-lang/crates.io-index"

[[package]]
name = "qemu_app"
version = "0.1.0"
dependencies = [
 "arch 0.1.0",
 "cortex-m-semihosting 0.3.3 (registry+https://github.com/rust-lang/crates.io-index)",
 "embedded-hal 0.2.3 (registry+https://github.com/rust-lang/crates.io-index)",
 "kernel 0.1.0",
 "nb 0.1.2 (registry+https://github.com/rust-lang/crates.io-index)",
 "rt 0.1.0",
]

[[package]]
name = "rt"
version = "0.1.0"
dependencies = [
 "cortex-m-semihosting 0.3.3 (registry+https://github.com/rust-lang/crates.io-index)",
 "log 0.1.0",
]

[[package]]
name = "rustc_version"
version = "0.2.3"
source = "registry+https://github.com/rust-lang/crates.io-index"
dependencies = [
 "semver 0.9.0 (registry+https://github.com/rust-lang/crates.io-index)",
]

[[package]]
name = "semver"
version = "0.9.0"
source = "registry+https://github.com/rust-lang/crates.io-index"
dependencies = [
 "semver-parser 0.7.0 (registry+https://github.com/rust-lang/crates.io-index)",
]

[[package]]
name = "semver-parser"
version = "0.7.0"
source = "registry+https://github.com/rust-lang/crates.io-index"

[[package]]
name = "stable_deref_trait"
version = "1.1.1"
source = "registry+https://github.com/rust-lang/crates.io-index"

[[package]]
name = "typenum"
version = "1.10.0"
source = "registry+https://github.com/rust-lang/crates.io-index"

[[package]]
name = "util"
version = "0.1.0"

[[package]]
name = "vcell"
version = "0.1.0"
source = "registry+https://github.com/rust-lang/crates.io-index"

[[package]]
name = "void"
version = "1.0.2"
source = "registry+https://github.com/rust-lang/crates.io-index"

[[package]]
name = "volatile-register"
version = "0.2.0"
source = "registry+https://github.com/rust-lang/crates.io-index"
dependencies = [
 "vcell 0.1.0 (registry+https://github.com/rust-lang/crates.io-index)",
]

[metadata]
"checksum aligned 0.3.1 (registry+https://github.com/rust-lang/crates.io-index)" = "d3a316c7ea8e1e9ece54862c992def5a7ac14de9f5832b69d71760680efeeefa"
"checksum as-slice 0.1.0 (registry+https://github.com/rust-lang/crates.io-index)" = "293dac66b274fab06f95e7efb05ec439a6b70136081ea522d270bc351ae5bb27"
"checksum bare-metal 0.2.4 (registry+https://github.com/rust-lang/crates.io-index)" = "a3caf393d93b2d453e80638d0674597020cef3382ada454faacd43d1a55a735a"
"checksum cortex-m 0.6.0 (registry+https://github.com/rust-lang/crates.io-index)" = "f3c18719fdc57db65668bfc977db9a0fa1a41d718c5d9cd4f652c9d4b0e0956a"
"checksum cortex-m-semihosting 0.3.3 (registry+https://github.com/rust-lang/crates.io-index)" = "165f3f86f4d1031351a6c9dc8d5a3f8fae2050f9dd6ef925e3d675c232cc0e46"
"checksum embedded-hal 0.2.3 (registry+https://github.com/rust-lang/crates.io-index)" = "ee4908a155094da7723c2d60d617b820061e3b4efcc3d9e293d206a5a76c170b"
"checksum generic-array 0.12.0 (registry+https://github.com/rust-lang/crates.io-index)" = "3c0f28c2f5bfb5960175af447a2da7c18900693738343dc896ffbcabd9839592"
"checksum nb 0.1.2 (registry+https://github.com/rust-lang/crates.io-index)" = "b1411551beb3c11dedfb0a90a0fa256b47d28b9ec2cdff34c25a2fa59e45dbdc"
"checksum rustc_version 0.2.3 (registry+https://github.com/rust-lang/crates.io-index)" = "138e3e0acb6c9fb258b19b67cb8abd63c00679d2851805ea151465464fe9030a"
"checksum semver 0.9.0 (registry+https://github.com/rust-lang/crates.io-index)" = "1d7eb9ef2c18661902cc47e535f9bc51b78acd254da71d375c2f6720d9a40403"
"checksum semver-parser 0.7.0 (registry+https://github.com/rust-lang/crates.io-index)" = "388a1df253eca08550bef6c72392cfe7c30914bf41df5269b68cbd6ff8f570a3"
"checksum stable_deref_trait 1.1.1 (registry+https://github.com/rust-lang/crates.io-index)" = "dba1a27d3efae4351c8051072d619e3ade2820635c3958d826bfea39d59b54c8"
"checksum typenum 1.10.0 (registry+https://github.com/rust-lang/crates.io-index)" = "612d636f949607bdf9b123b4a6f6d966dedf3ff669f7f045890d3a4a73948169"
"checksum vcell 0.1.0 (registry+https://github.com/rust-lang/crates.io-index)" = "45c297f0afb6928cd08ab1ff9d95e99392595ea25ae1b5ecf822ff8764e57a0d"
"checksum void 1.0.2 (registry+https://github.com/rust-lang/crates.io-index)" = "6a02e4885ed3bc0f2de90ea6dd45ebcbb66dacffe03547fadbb0eeae2770887d"
"checksum volatile-register 0.2.0 (registry+https://github.com/rust-lang/crates.io-index)" = "0d67cb4616d99b940db1d6bd28844ff97108b498a6ca850e5b6191a532063286"
